
Microsoft Visual Studio Solution File, Format Version 12.00
# Visual Studio 15
Project("{FAE04EC0-301F-11D3-BF4B-00C04F79EFBC}") = "Assembly-CSharp", "Assembly-CSharp.csproj", "{634AEB4B-E844-2CA1-22AA-2D72222A4DD8}"
EndProject
Global
	GlobalSection(SolutionConfigurationPlatforms) = preSolution
		Debug|Any CPU = Debug|Any CPU
		Release|Any CPU = Release|Any CPU
	EndGlobalSection
	GlobalSection(ProjectConfigurationPlatforms) = postSolution
		{634AEB4B-E844-2CA1-22AA-2D72222A4DD8}.Debug|Any CPU.ActiveCfg = Debug|Any CPU
		{634AEB4B-E844-2CA1-22AA-2D72222A4DD8}.Debug|Any CPU.Build.0 = Debug|Any CPU
		{634AEB4B-E844-2CA1-22AA-2D72222A4DD8}.Release|Any CPU.ActiveCfg = Release|Any CPU
		{634AEB4B-E844-2CA1-22AA-2D72222A4DD8}.Release|Any CPU.Build.0 = Release|Any CPU
	EndGlobalSection
	GlobalSection(SolutionProperties) = preSolution
		HideSolutionNode = FALSE
	EndGlobalSection
EndGlobal
